
Microsoft Visual Studio Solution File, Format Version 12.00
# Visual Studio Version 17
VisualStudioVersion = 17.4.33103.184
MinimumVisualStudioVersion = 10.0.40219.1
Project("{9A19103F-16F7-4668-BE54-9A1E7A4F7556}") = "Buildvana.Sdk", "src\Buildvana.Sdk\Buildvana.Sdk.csproj", "{3D872329-6B84-4739-B727-1AED462DFD5A}"
EndProject
Project("{2150E333-8FDC-42A3-9474-1A3956D46DE8}") = "- Configuration", "- Configuration", "{B70FD773-A518-43AE-B948-EE7AE99856B8}"
	ProjectSection(SolutionItems) = preProject
		.editorconfig = .editorconfig
		.gitattributes = .gitattributes
		.gitignore = .gitignore
		.globalconfig = .globalconfig
		Common.props = Common.props
		Directory.Build.props = Directory.Build.props
		Directory.Build.targets = Directory.Build.targets
		NuGet.config = NuGet.config
		stylecop.json = stylecop.json
		version.json = version.json
	EndProjectSection
EndProject
Project("{2150E333-8FDC-42A3-9474-1A3956D46DE8}") = "- Dependencies", "- Dependencies", "{C06EF000-C1AC-4661-B818-4795D37C5E8D}"
	ProjectSection(SolutionItems) = preProject
		Directory.Packages.props = Directory.Packages.props
		.config\dotnet-tools.json = .config\dotnet-tools.json
		global.json = global.json
	EndProjectSection
EndProject
Project("{2150E333-8FDC-42A3-9474-1A3956D46DE8}") = "- Documentation", "- Documentation", "{F2FA2D74-645C-4F7A-A60D-EE2355E5CBA1}"
	ProjectSection(SolutionItems) = preProject
		CHANGELOG.md = CHANGELOG.md
		docs\Diagnostics.md = docs\Diagnostics.md
		LICENSE = LICENSE
		README.md = README.md
		THIRD-PARTY-NOTICES = THIRD-PARTY-NOTICES
	EndProjectSection
EndProject
Project("{2150E333-8FDC-42A3-9474-1A3956D46DE8}") = "src", "src", "{FDDF51C9-C7BF-4F06-BEBD-485006512357}"
EndProject
Project("{9A19103F-16F7-4668-BE54-9A1E7A4F7556}") = "Buildvana.Sdk.SourceGenerators", "src\Buildvana.Sdk.SourceGenerators\Buildvana.Sdk.SourceGenerators.csproj", "{A9CB2A6D-93AD-4028-8FE1-274319D03A58}"
EndProject
Project("{9A19103F-16F7-4668-BE54-9A1E7A4F7556}") = "Buildvana.Sdk.Tasks", "src\Buildvana.Sdk.Tasks\Buildvana.Sdk.Tasks.csproj", "{C03D0CDC-05CF-42EE-B2CB-1429F2AE7CC9}"
EndProject
Global
	GlobalSection(SolutionConfigurationPlatforms) = preSolution
		Debug|Any CPU = Debug|Any CPU
		Release|Any CPU = Release|Any CPU
	EndGlobalSection
	GlobalSection(ProjectConfigurationPlatforms) = postSolution
		{3D872329-6B84-4739-B727-1AED462DFD5A}.Debug|Any CPU.ActiveCfg = Debug|Any CPU
		{3D872329-6B84-4739-B727-1AED462DFD5A}.Debug|Any CPU.Build.0 = Debug|Any CPU
		{3D872329-6B84-4739-B727-1AED462DFD5A}.Release|Any CPU.ActiveCfg = Release|Any CPU
		{3D872329-6B84-4739-B727-1AED462DFD5A}.Release|Any CPU.Build.0 = Release|Any CPU
		{A9CB2A6D-93AD-4028-8FE1-274319D03A58}.Debug|Any CPU.ActiveCfg = Debug|Any CPU
		{A9CB2A6D-93AD-4028-8FE1-274319D03A58}.Debug|Any CPU.Build.0 = Debug|Any CPU
		{A9CB2A6D-93AD-4028-8FE1-274319D03A58}.Release|Any CPU.ActiveCfg = Release|Any CPU
		{A9CB2A6D-93AD-4028-8FE1-274319D03A58}.Release|Any CPU.Build.0 = Release|Any CPU
		{C03D0CDC-05CF-42EE-B2CB-1429F2AE7CC9}.Debug|Any CPU.ActiveCfg = Debug|Any CPU
		{C03D0CDC-05CF-42EE-B2CB-1429F2AE7CC9}.Debug|Any CPU.Build.0 = Debug|Any CPU
		{C03D0CDC-05CF-42EE-B2CB-1429F2AE7CC9}.Release|Any CPU.ActiveCfg = Release|Any CPU
		{C03D0CDC-05CF-42EE-B2CB-1429F2AE7CC9}.Release|Any CPU.Build.0 = Release|Any CPU
	EndGlobalSection
	GlobalSection(SolutionProperties) = preSolution
		HideSolutionNode = FALSE
	EndGlobalSection
	GlobalSection(NestedProjects) = preSolution
		{3D872329-6B84-4739-B727-1AED462DFD5A} = {FDDF51C9-C7BF-4F06-BEBD-485006512357}
		{A9CB2A6D-93AD-4028-8FE1-274319D03A58} = {FDDF51C9-C7BF-4F06-BEBD-485006512357}
		{C03D0CDC-05CF-42EE-B2CB-1429F2AE7CC9} = {FDDF51C9-C7BF-4F06-BEBD-485006512357}
	EndGlobalSection
	GlobalSection(ExtensibilityGlobals) = postSolution
		SolutionGuid = {97D994FA-A1EC-459B-8072-7688E21AC205}
	EndGlobalSection
EndGlobal
